
Microsoft Visual Studio Solution File, Format Version 12.00
# Visual Studio Version 17
VisualStudioVersion = 17.7.34024.191
MinimumVisualStudioVersion = 10.0.40219.1
Project("{FAE04EC0-301F-11D3-BF4B-00C04F79EFBC}") = "ConsoleMastermind", "ConsoleMastermind.csproj", "{53D581E9-3919-46EB-9C21-EE6125850B1E}"
EndProject
Global
	GlobalSection(SolutionConfigurationPlatforms) = preSolution
		Debug|Any CPU = Debug|Any CPU
		Release|Any CPU = Release|Any CPU
	EndGlobalSection
	GlobalSection(ProjectConfigurationPlatforms) = postSolution
		{53D581E9-3919-46EB-9C21-EE6125850B1E}.Debug|Any CPU.ActiveCfg = Debug|Any CPU
		{53D581E9-3919-46EB-9C21-EE6125850B1E}.Debug|Any CPU.Build.0 = Debug|Any CPU
		{53D581E9-3919-46EB-9C21-EE6125850B1E}.Release|Any CPU.ActiveCfg = Release|Any CPU
		{53D581E9-3919-46EB-9C21-EE6125850B1E}.Release|Any CPU.Build.0 = Release|Any CPU
	EndGlobalSection
	GlobalSection(SolutionProperties) = preSolution
		HideSolutionNode = FALSE
	EndGlobalSection
	GlobalSection(ExtensibilityGlobals) = postSolution
		SolutionGuid = {DD0D3E1D-E1DA-400C-82B2-718228FDA3DE}
	EndGlobalSection
EndGlobal
